
Microsoft Visual Studio Solution File, Format Version 12.00
# Visual Studio Version 16
VisualStudioVersion = 16.0.29613.14
MinimumVisualStudioVersion = 10.0.40219.1
Project("{FAE04EC0-301F-11D3-BF4B-00C04F79EFBC}") = "Bowling", "Bowling\Bowling.csproj", "{51B3A08E-7348-4111-903E-AFFC4E73E154}"
EndProject
Project("{FAE04EC0-301F-11D3-BF4B-00C04F79EFBC}") = "Bowling.Tests", "Bowling.Tests\Bowling.Tests.csproj", "{8052F725-771A-4642-978F-E706AE25A487}"
EndProject
Global
	GlobalSection(SolutionConfigurationPlatforms) = preSolution
		Debug|Any CPU = Debug|Any CPU
		Release|Any CPU = Release|Any CPU
	EndGlobalSection
	GlobalSection(ProjectConfigurationPlatforms) = postSolution
		{51B3A08E-7348-4111-903E-AFFC4E73E154}.Debug|Any CPU.ActiveCfg = Debug|Any CPU
		{51B3A08E-7348-4111-903E-AFFC4E73E154}.Debug|Any CPU.Build.0 = Debug|Any CPU
		{51B3A08E-7348-4111-903E-AFFC4E73E154}.Release|Any CPU.ActiveCfg = Release|Any CPU
		{51B3A08E-7348-4111-903E-AFFC4E73E154}.Release|Any CPU.Build.0 = Release|Any CPU
		{8052F725-771A-4642-978F-E706AE25A487}.Debug|Any CPU.ActiveCfg = Debug|Any CPU
		{8052F725-771A-4642-978F-E706AE25A487}.Debug|Any CPU.Build.0 = Debug|Any CPU
		{8052F725-771A-4642-978F-E706AE25A487}.Release|Any CPU.ActiveCfg = Release|Any CPU
		{8052F725-771A-4642-978F-E706AE25A487}.Release|Any CPU.Build.0 = Release|Any CPU
	EndGlobalSection
	GlobalSection(SolutionProperties) = preSolution
		HideSolutionNode = FALSE
	EndGlobalSection
	GlobalSection(ExtensibilityGlobals) = postSolution
		SolutionGuid = {10756CC1-1BB7-4015-8359-9034BDEBE5B1}
	EndGlobalSection
EndGlobal
